// !$*UTF8*$!
{
	archiveVersion = 1;
	classes = {
	};
	objectVersion = 55;
	objects = {

/* Begin PBXBuildFile section */
		1F1FBDB3274F736D00D9F691 /* NewSearchVC.swift in Sources */ = {isa = PBXBuildFile; fileRef = 1F1FBDB2274F736D00D9F691 /* NewSearchVC.swift */; };
		1F1FBDB5274F73C000D9F691 /* SerchLuggaugeService.swift in Sources */ = {isa = PBXBuildFile; fileRef = 1F1FBDB4274F73C000D9F691 /* SerchLuggaugeService.swift */; };
		1F1FBDB8274F811700D9F691 /* Location.swift in Sources */ = {isa = PBXBuildFile; fileRef = 1F1FBDB7274F811700D9F691 /* Location.swift */; };
		1F1FBDBA274F868300D9F691 /* searchCell.swift in Sources */ = {isa = PBXBuildFile; fileRef = 1F1FBDB9274F868300D9F691 /* searchCell.swift */; };
		1F1FBDC027535A0A00D9F691 /* Terminal1Cell.swift in Sources */ = {isa = PBXBuildFile; fileRef = 1F1FBDBF27535A0A00D9F691 /* Terminal1Cell.swift */; };
		1F1FBDC227535A2900D9F691 /* Terminal2Cell.swift in Sources */ = {isa = PBXBuildFile; fileRef = 1F1FBDC127535A2900D9F691 /* Terminal2Cell.swift */; };
		1F1FBDC42754A60D00D9F691 /* TabVC.swift in Sources */ = {isa = PBXBuildFile; fileRef = 1F1FBDC32754A60D00D9F691 /* TabVC.swift */; };
		1F1FBDC62754A74600D9F691 /* CarRentVC.swift in Sources */ = {isa = PBXBuildFile; fileRef = 1F1FBDC52754A74600D9F691 /* CarRentVC.swift */; };
		1F484AF92767D2940048F280 /* Flight+CoreDataClass.swift in Sources */ = {isa = PBXBuildFile; fileRef = 1F484AF72767D2940048F280 /* Flight+CoreDataClass.swift */; };
		1F484AFA2767D2940048F280 /* Flight+CoreDataProperties.swift in Sources */ = {isa = PBXBuildFile; fileRef = 1F484AF82767D2940048F280 /* Flight+CoreDataProperties.swift */; };
		1F484AFE2768CFE30048F280 /* AnimationLaunch.swift in Sources */ = {isa = PBXBuildFile; fileRef = 1F484AFD2768CFE30048F280 /* AnimationLaunch.swift */; };
		1F608402275C9E7000B21702 /* Localizable.strings in Resources */ = {isa = PBXBuildFile; fileRef = 1F608404275C9E7000B21702 /* Localizable.strings */; };
		1F608429275F536100B21702 /* MyFlightServices.swift in Sources */ = {isa = PBXBuildFile; fileRef = 1F608428275F536100B21702 /* MyFlightServices.swift */; };
		1F6583D02760C1750067ADEB /* CallUsVC.swift in Sources */ = {isa = PBXBuildFile; fileRef = 1F6583CF2760C1750067ADEB /* CallUsVC.swift */; };
		1F65BC652778913600379F4D /* FirebaseAnalytics in Frameworks */ = {isa = PBXBuildFile; productRef = 1F65BC642778913600379F4D /* FirebaseAnalytics */; };
		1F65BC672778913600379F4D /* FirebaseAnalyticsSwift-Beta in Frameworks */ = {isa = PBXBuildFile; productRef = 1F65BC662778913600379F4D /* FirebaseAnalyticsSwift-Beta */; };
		1F65BC692778913600379F4D /* FirebaseAnalyticsWithoutAdIdSupport in Frameworks */ = {isa = PBXBuildFile; productRef = 1F65BC682778913600379F4D /* FirebaseAnalyticsWithoutAdIdSupport */; };
		1F65BC6B2778913600379F4D /* FirebaseAuth in Frameworks */ = {isa = PBXBuildFile; productRef = 1F65BC6A2778913600379F4D /* FirebaseAuth */; };
		1F65BC6D2778913600379F4D /* FirebaseFirestore in Frameworks */ = {isa = PBXBuildFile; productRef = 1F65BC6C2778913600379F4D /* FirebaseFirestore */; };
		1F65BC6F2779A40300379F4D /* WelcomeVC.swift in Sources */ = {isa = PBXBuildFile; fileRef = 1F65BC6E2779A40300379F4D /* WelcomeVC.swift */; };
		1F65BC712779AD3A00379F4D /* RestPassWoord.swift in Sources */ = {isa = PBXBuildFile; fileRef = 1F65BC702779AD3A00379F4D /* RestPassWoord.swift */; };
		1F6D83502782CEE5002A49E9 /* MapController.swift in Sources */ = {isa = PBXBuildFile; fileRef = 1F6D834F2782CEE5002A49E9 /* MapController.swift */; };
		1F6D83522782CFF9002A49E9 /* Extensions.swift in Sources */ = {isa = PBXBuildFile; fileRef = 1F6D83512782CFF9002A49E9 /* Extensions.swift */; };
		1F6D83542782D572002A49E9 /* LocationRequestController.swift in Sources */ = {isa = PBXBuildFile; fileRef = 1F6D83532782D572002A49E9 /* LocationRequestController.swift */; };
		1F6D8356278304E0002A49E9 /* SearchInputView.swift in Sources */ = {isa = PBXBuildFile; fileRef = 1F6D8355278304E0002A49E9 /* SearchInputView.swift */; };
		1F6D83582783051A002A49E9 /* SearchCell.swift in Sources */ = {isa = PBXBuildFile; fileRef = 1F6D83572783051A002A49E9 /* SearchCell.swift */; };
		1F7421F62761DB3700B53C27 /* HomeCell2.swift in Sources */ = {isa = PBXBuildFile; fileRef = 1F7421F52761DB3700B53C27 /* HomeCell2.swift */; };
		1F7422022763CD7B00B53C27 /* FlightSchedule.swift in Sources */ = {isa = PBXBuildFile; fileRef = 1F7422012763CD7B00B53C27 /* FlightSchedule.swift */; };
		1F7422042763CDA600B53C27 /* FlightScheduleCell.swift in Sources */ = {isa = PBXBuildFile; fileRef = 1F7422032763CDA600B53C27 /* FlightScheduleCell.swift */; };
		1F7422062764AD7C00B53C27 /* scanCode.swift in Sources */ = {isa = PBXBuildFile; fileRef = 1F7422052764AD7C00B53C27 /* scanCode.swift */; };
		1F74220A2764B75C00B53C27 /* CoreData.xcdatamodeld in Sources */ = {isa = PBXBuildFile; fileRef = 1F7422072764B72300B53C27 /* CoreData.xcdatamodeld */; };
		1F7C87AF274CF06D00112F6A /* GoogleService-Info.plist in Resources */ = {isa = PBXBuildFile; fileRef = 1F7C87AE274CF06D00112F6A /* GoogleService-Info.plist */; };
		1F7C87B1274CFFAE00112F6A /* Home.swift in Sources */ = {isa = PBXBuildFile; fileRef = 1F7C87B0274CFFAE00112F6A /* Home.swift */; };
		1F7C87B3274D273100112F6A /* Data.swift in Sources */ = {isa = PBXBuildFile; fileRef = 1F7C87B2274D273100112F6A /* Data.swift */; };
		1F7C87B6274E12A700112F6A /* HomeCell.swift in Sources */ = {isa = PBXBuildFile; fileRef = 1F7C87B5274E12A700112F6A /* HomeCell.swift */; };
		1F7C87B8274E2ABC00112F6A /* serchForFlight.swift in Sources */ = {isa = PBXBuildFile; fileRef = 1F7C87B7274E2ABC00112F6A /* serchForFlight.swift */; };
		1F7C87BA274E2ADD00112F6A /* serchForluggage.swift in Sources */ = {isa = PBXBuildFile; fileRef = 1F7C87B9274E2ADD00112F6A /* serchForluggage.swift */; };
		1F7C87BC274E2B0900112F6A /* profiel.swift in Sources */ = {isa = PBXBuildFile; fileRef = 1F7C87BB274E2B0900112F6A /* profiel.swift */; };
		1F7C87BE274E2B3300112F6A /* AskForHelp.swift in Sources */ = {isa = PBXBuildFile; fileRef = 1F7C87BD274E2B3300112F6A /* AskForHelp.swift */; };
		1F9E1FE3274B6B6D00679CC3 /* AppDelegate.swift in Sources */ = {isa = PBXBuildFile; fileRef = 1F9E1FE2274B6B6D00679CC3 /* AppDelegate.swift */; };
		1F9E1FE5274B6B6D00679CC3 /* SceneDelegate.swift in Sources */ = {isa = PBXBuildFile; fileRef = 1F9E1FE4274B6B6D00679CC3 /* SceneDelegate.swift */; };
		1F9E1FE7274B6B6D00679CC3 /* LoginVC.swift in Sources */ = {isa = PBXBuildFile; fileRef = 1F9E1FE6274B6B6D00679CC3 /* LoginVC.swift */; };
		1F9E1FEC274B6B6F00679CC3 /* Assets.xcassets in Resources */ = {isa = PBXBuildFile; fileRef = 1F9E1FEB274B6B6F00679CC3 /* Assets.xcassets */; };
		1F9E1FEF274B6B6F00679CC3 /* LaunchScreen.storyboard in Resources */ = {isa = PBXBuildFile; fileRef = 1F9E1FED274B6B6F00679CC3 /* LaunchScreen.storyboard */; };
		1FB153DF278AD2F100DE583E /* SettingsCell.swift in Sources */ = {isa = PBXBuildFile; fileRef = 1FB153DE278AD2F100DE583E /* SettingsCell.swift */; };
		1FB153E1278AD30B00DE583E /* UserInfoHeader.swift in Sources */ = {isa = PBXBuildFile; fileRef = 1FB153E0278AD30B00DE583E /* UserInfoHeader.swift */; };
		1FB153E3278AD38100DE583E /* ViewController.swift in Sources */ = {isa = PBXBuildFile; fileRef = 1FB153E2278AD38100DE583E /* ViewController.swift */; };
		1FB153E5278AF3AC00DE583E /* SettingSection.swift in Sources */ = {isa = PBXBuildFile; fileRef = 1FB153E4278AF3AC00DE583E /* SettingSection.swift */; };
		1FDA79192764EC2D009D42FD /* LogCollectionCell.swift in Sources */ = {isa = PBXBuildFile; fileRef = 1FDA79182764EC2D009D42FD /* LogCollectionCell.swift */; };
		1FEA76EC2793F509007C5021 /* Terminal1.swift in Sources */ = {isa = PBXBuildFile; fileRef = 1FEA76EB2793F509007C5021 /* Terminal1.swift */; };
		1FEA76EE27940F4D007C5021 /* Editingprofile.swift in Sources */ = {isa = PBXBuildFile; fileRef = 1FEA76ED27940F4D007C5021 /* Editingprofile.swift */; };
		89A7A04CC98EFAFCF7FBC549 /* Pods_EsayFlight.framework in Frameworks */ = {isa = PBXBuildFile; fileRef = EF0DA6505E907BD972130518 /* Pods_EsayFlight.framework */; };
/* End PBXBuildFile section */

/* Begin PBXFileReference section */
		0AEA421C33E8EF8D66D7B5B7 /* Pods-EsayFlight.release.xcconfig */ = {isa = PBXFileReference; includeInIndex = 1; lastKnownFileType = text.xcconfig; name = "Pods-EsayFlight.release.xcconfig"; path = "Target Support Files/Pods-EsayFlight/Pods-EsayFlight.release.xcconfig"; sourceTree = "<group>"; };
		1F1FBDB2274F736D00D9F691 /* NewSearchVC.swift */ = {isa = PBXFileReference; lastKnownFileType = sourcecode.swift; path = NewSearchVC.swift; sourceTree = "<group>"; };
		1F1FBDB4274F73C000D9F691 /* SerchLuggaugeService.swift */ = {isa = PBXFileReference; lastKnownFileType = sourcecode.swift; path = SerchLuggaugeService.swift; sourceTree = "<group>"; };
		1F1FBDB7274F811700D9F691 /* Location.swift */ = {isa = PBXFileReference; lastKnownFileType = sourcecode.swift; path = Location.swift; sourceTree = "<group>"; };
		1F1FBDB9274F868300D9F691 /* searchCell.swift */ = {isa = PBXFileReference; lastKnownFileType = sourcecode.swift; path = searchCell.swift; sourceTree = "<group>"; };
		1F1FBDBF27535A0A00D9F691 /* Terminal1Cell.swift */ = {isa = PBXFileReference; lastKnownFileType = sourcecode.swift; path = Terminal1Cell.swift; sourceTree = "<group>"; };
		1F1FBDC127535A2900D9F691 /* Terminal2Cell.swift */ = {isa = PBXFileReference; lastKnownFileType = sourcecode.swift; path = Terminal2Cell.swift; sourceTree = "<group>"; };
		1F1FBDC32754A60D00D9F691 /* TabVC.swift */ = {isa = PBXFileReference; lastKnownFileType = sourcecode.swift; path = TabVC.swift; sourceTree = "<group>"; };
		1F1FBDC52754A74600D9F691 /* CarRentVC.swift */ = {isa = PBXFileReference; lastKnownFileType = sourcecode.swift; path = CarRentVC.swift; sourceTree = "<group>"; };
		1F484AF72767D2940048F280 /* Flight+CoreDataClass.swift */ = {isa = PBXFileReference; lastKnownFileType = sourcecode.swift; path = "Flight+CoreDataClass.swift"; sourceTree = "<group>"; };
		1F484AF82767D2940048F280 /* Flight+CoreDataProperties.swift */ = {isa = PBXFileReference; lastKnownFileType = sourcecode.swift; path = "Flight+CoreDataProperties.swift"; sourceTree = "<group>"; };
		1F484AFD2768CFE30048F280 /* AnimationLaunch.swift */ = {isa = PBXFileReference; lastKnownFileType = sourcecode.swift; path = AnimationLaunch.swift; sourceTree = "<group>"; };
		1F6083FF275C9DA800B21702 /* ar */ = {isa = PBXFileReference; lastKnownFileType = text.plist.strings; name = ar; path = ar.lproj/LaunchScreen.strings; sourceTree = "<group>"; };
		1F608403275C9E7000B21702 /* ar */ = {isa = PBXFileReference; lastKnownFileType = text.plist.strings; name = ar; path = ar.lproj/Localizable.strings; sourceTree = "<group>"; };
		1F608405275C9E7100B21702 /* en */ = {isa = PBXFileReference; lastKnownFileType = text.plist.strings; name = en; path = en.lproj/Localizable.strings; sourceTree = "<group>"; };
		1F608428275F536100B21702 /* MyFlightServices.swift */ = {isa = PBXFileReference; lastKnownFileType = sourcecode.swift; path = MyFlightServices.swift; sourceTree = "<group>"; };
		1F6583CF2760C1750067ADEB /* CallUsVC.swift */ = {isa = PBXFileReference; lastKnownFileType = sourcecode.swift; path = CallUsVC.swift; sourceTree = "<group>"; };
		1F65BC6E2779A40300379F4D /* WelcomeVC.swift */ = {isa = PBXFileReference; lastKnownFileType = sourcecode.swift; path = WelcomeVC.swift; sourceTree = "<group>"; };
		1F65BC702779AD3A00379F4D /* RestPassWoord.swift */ = {isa = PBXFileReference; lastKnownFileType = sourcecode.swift; path = RestPassWoord.swift; sourceTree = "<group>"; };
		1F6D834F2782CEE5002A49E9 /* MapController.swift */ = {isa = PBXFileReference; lastKnownFileType = sourcecode.swift; path = MapController.swift; sourceTree = "<group>"; };
		1F6D83512782CFF9002A49E9 /* Extensions.swift */ = {isa = PBXFileReference; lastKnownFileType = sourcecode.swift; path = Extensions.swift; sourceTree = "<group>"; };
		1F6D83532782D572002A49E9 /* LocationRequestController.swift */ = {isa = PBXFileReference; lastKnownFileType = sourcecode.swift; path = LocationRequestController.swift; sourceTree = "<group>"; };
		1F6D8355278304E0002A49E9 /* SearchInputView.swift */ = {isa = PBXFileReference; lastKnownFileType = sourcecode.swift; path = SearchInputView.swift; sourceTree = "<group>"; };
		1F6D83572783051A002A49E9 /* SearchCell.swift */ = {isa = PBXFileReference; lastKnownFileType = sourcecode.swift; name = SearchCell.swift; path = ../../SearchCell.swift; sourceTree = "<group>"; };
		1F7421F52761DB3700B53C27 /* HomeCell2.swift */ = {isa = PBXFileReference; lastKnownFileType = sourcecode.swift; path = HomeCell2.swift; sourceTree = "<group>"; };
		1F7422012763CD7B00B53C27 /* FlightSchedule.swift */ = {isa = PBXFileReference; lastKnownFileType = sourcecode.swift; path = FlightSchedule.swift; sourceTree = "<group>"; };
		1F7422032763CDA600B53C27 /* FlightScheduleCell.swift */ = {isa = PBXFileReference; lastKnownFileType = sourcecode.swift; path = FlightScheduleCell.swift; sourceTree = "<group>"; };
		1F7422052764AD7C00B53C27 /* scanCode.swift */ = {isa = PBXFileReference; lastKnownFileType = sourcecode.swift; path = scanCode.swift; sourceTree = "<group>"; };
		1F7422082764B72400B53C27 /* CoreData.xcdatamodel */ = {isa = PBXFileReference; lastKnownFileType = wrapper.xcdatamodel; path = CoreData.xcdatamodel; sourceTree = "<group>"; };
		1F7C87AE274CF06D00112F6A /* GoogleService-Info.plist */ = {isa = PBXFileReference; fileEncoding = 4; lastKnownFileType = text.plist.xml; path = "GoogleService-Info.plist"; sourceTree = "<group>"; };
		1F7C87B0274CFFAE00112F6A /* Home.swift */ = {isa = PBXFileReference; lastKnownFileType = sourcecode.swift; path = Home.swift; sourceTree = "<group>"; };
		1F7C87B2274D273100112F6A /* Data.swift */ = {isa = PBXFileReference; lastKnownFileType = sourcecode.swift; path = Data.swift; sourceTree = "<group>"; };
		1F7C87B5274E12A700112F6A /* HomeCell.swift */ = {isa = PBXFileReference; lastKnownFileType = sourcecode.swift; path = HomeCell.swift; sourceTree = "<group>"; };
		1F7C87B7274E2ABC00112F6A /* serchForFlight.swift */ = {isa = PBXFileReference; lastKnownFileType = sourcecode.swift; path = serchForFlight.swift; sourceTree = "<group>"; };
		1F7C87B9274E2ADD00112F6A /* serchForluggage.swift */ = {isa = PBXFileReference; lastKnownFileType = sourcecode.swift; path = serchForluggage.swift; sourceTree = "<group>"; };
		1F7C87BB274E2B0900112F6A /* profiel.swift */ = {isa = PBXFileReference; lastKnownFileType = sourcecode.swift; path = profiel.swift; sourceTree = "<group>"; };
		1F7C87BD274E2B3300112F6A /* AskForHelp.swift */ = {isa = PBXFileReference; lastKnownFileType = sourcecode.swift; path = AskForHelp.swift; sourceTree = "<group>"; };
		1F9E1FDF274B6B6D00679CC3 /* EsayFlight.app */ = {isa = PBXFileReference; explicitFileType = wrapper.application; includeInIndex = 0; path = EsayFlight.app; sourceTree = BUILT_PRODUCTS_DIR; };
		1F9E1FE2274B6B6D00679CC3 /* AppDelegate.swift */ = {isa = PBXFileReference; lastKnownFileType = sourcecode.swift; path = AppDelegate.swift; sourceTree = "<group>"; };
		1F9E1FE4274B6B6D00679CC3 /* SceneDelegate.swift */ = {isa = PBXFileReference; lastKnownFileType = sourcecode.swift; path = SceneDelegate.swift; sourceTree = "<group>"; };
		1F9E1FE6274B6B6D00679CC3 /* LoginVC.swift */ = {isa = PBXFileReference; lastKnownFileType = sourcecode.swift; path = LoginVC.swift; sourceTree = "<group>"; };
		1F9E1FEB274B6B6F00679CC3 /* Assets.xcassets */ = {isa = PBXFileReference; lastKnownFileType = folder.assetcatalog; path = Assets.xcassets; sourceTree = "<group>"; };
		1F9E1FEE274B6B6F00679CC3 /* Base */ = {isa = PBXFileReference; lastKnownFileType = file.storyboard; name = Base; path = Base.lproj/LaunchScreen.storyboard; sourceTree = "<group>"; };
		1F9E1FF0274B6B6F00679CC3 /* Info.plist */ = {isa = PBXFileReference; lastKnownFileType = text.plist.xml; path = Info.plist; sourceTree = "<group>"; };
		1FB153DE278AD2F100DE583E /* SettingsCell.swift */ = {isa = PBXFileReference; lastKnownFileType = sourcecode.swift; path = SettingsCell.swift; sourceTree = "<group>"; };
		1FB153E0278AD30B00DE583E /* UserInfoHeader.swift */ = {isa = PBXFileReference; lastKnownFileType = sourcecode.swift; path = UserInfoHeader.swift; sourceTree = "<group>"; };
		1FB153E2278AD38100DE583E /* ViewController.swift */ = {isa = PBXFileReference; lastKnownFileType = sourcecode.swift; path = ViewController.swift; sourceTree = "<group>"; };
		1FB153E4278AF3AC00DE583E /* SettingSection.swift */ = {isa = PBXFileReference; lastKnownFileType = sourcecode.swift; path = SettingSection.swift; sourceTree = "<group>"; };
		1FDA79182764EC2D009D42FD /* LogCollectionCell.swift */ = {isa = PBXFileReference; lastKnownFileType = sourcecode.swift; path = LogCollectionCell.swift; sourceTree = "<group>"; };
		1FEA76EB2793F509007C5021 /* Terminal1.swift */ = {isa = PBXFileReference; lastKnownFileType = sourcecode.swift; path = Terminal1.swift; sourceTree = "<group>"; };
		1FEA76ED27940F4D007C5021 /* Editingprofile.swift */ = {isa = PBXFileReference; lastKnownFileType = sourcecode.swift; path = Editingprofile.swift; sourceTree = "<group>"; };
		5A29C8781ACD5304C1BD2310 /* Pods-EsayFlight.debug.xcconfig */ = {isa = PBXFileReference; includeInIndex = 1; lastKnownFileType = text.xcconfig; name = "Pods-EsayFlight.debug.xcconfig"; path = "Target Support Files/Pods-EsayFlight/Pods-EsayFlight.debug.xcconfig"; sourceTree = "<group>"; };
		EF0DA6505E907BD972130518 /* Pods_EsayFlight.framework */ = {isa = PBXFileReference; explicitFileType = wrapper.framework; includeInIndex = 0; path = Pods_EsayFlight.framework; sourceTree = BUILT_PRODUCTS_DIR; };
/* End PBXFileReference section */

/* Begin PBXFrameworksBuildPhase section */
		1F9E1FDC274B6B6D00679CC3 /* Frameworks */ = {
			isa = PBXFrameworksBuildPhase;
			buildActionMask = 2147483647;
			files = (
				1F65BC672778913600379F4D /* FirebaseAnalyticsSwift-Beta in Frameworks */,
				1F65BC6B2778913600379F4D /* FirebaseAuth in Frameworks */,
				1F65BC652778913600379F4D /* FirebaseAnalytics in Frameworks */,
				89A7A04CC98EFAFCF7FBC549 /* Pods_EsayFlight.framework in Frameworks */,
				1F65BC692778913600379F4D /* FirebaseAnalyticsWithoutAdIdSupport in Frameworks */,
				1F65BC6D2778913600379F4D /* FirebaseFirestore in Frameworks */,
			);
			runOnlyForDeploymentPostprocessing = 0;
		};
/* End PBXFrameworksBuildPhase section */

/* Begin PBXGroup section */
		155C0BCC08894D36C1CEC65C /* Frameworks */ = {
			isa = PBXGroup;
			children = (
				EF0DA6505E907BD972130518 /* Pods_EsayFlight.framework */,
			);
			name = Frameworks;
			sourceTree = "<group>";
		};
		1F1FBDB6274F73C900D9F691 /* Services */ = {
			isa = PBXGroup;
			children = (
				1F608428275F536100B21702 /* MyFlightServices.swift */,
				1F1FBDB4274F73C000D9F691 /* SerchLuggaugeService.swift */,
			);
			path = Services;
			sourceTree = "<group>";
		};
		1F484AFC2768BDB20048F280 /* Views */ = {
			isa = PBXGroup;
			children = (
				1FB153DE278AD2F100DE583E /* SettingsCell.swift */,
				1FB153E0278AD30B00DE583E /* UserInfoHeader.swift */,
				1F6D83572783051A002A49E9 /* SearchCell.swift */,
				1F6D83512782CFF9002A49E9 /* Extensions.swift */,
				1F484AFD2768CFE30048F280 /* AnimationLaunch.swift */,
				1F65BC702779AD3A00379F4D /* RestPassWoord.swift */,
				1F7C87B5274E12A700112F6A /* HomeCell.swift */,
				1F7421F52761DB3700B53C27 /* HomeCell2.swift */,
				1F7422032763CDA600B53C27 /* FlightScheduleCell.swift */,
				1FDA79182764EC2D009D42FD /* LogCollectionCell.swift */,
				1F1FBDB9274F868300D9F691 /* searchCell.swift */,
				1F1FBDBF27535A0A00D9F691 /* Terminal1Cell.swift */,
				1F1FBDC127535A2900D9F691 /* Terminal2Cell.swift */,
			);
			path = Views;
			sourceTree = "<group>";
		};
		1F6583CE2760C0BC0067ADEB /* TAbbar */ = {
			isa = PBXGroup;
			children = (
				1F1FBDC32754A60D00D9F691 /* TabVC.swift */,
				1F7C87B0274CFFAE00112F6A /* Home.swift */,
				1F7C87BB274E2B0900112F6A /* profiel.swift */,
				1F1FBDB7274F811700D9F691 /* Location.swift */,
			);
			path = TAbbar;
			sourceTree = "<group>";
		};
		1F7C87B4274D273C00112F6A /* Models */ = {
			isa = PBXGroup;
			children = (
				1FB153E4278AF3AC00DE583E /* SettingSection.swift */,
				1F7C87B2274D273100112F6A /* Data.swift */,
				1F1FBDB6274F73C900D9F691 /* Services */,
			);
			path = Models;
			sourceTree = "<group>";
		};
		1F7C87BF274E2B3B00112F6A /* controller */ = {
			isa = PBXGroup;
			children = (
				1F9E1FE6274B6B6D00679CC3 /* LoginVC.swift */,
				1F6D83532782D572002A49E9 /* LocationRequestController.swift */,
				1FB153E2278AD38100DE583E /* ViewController.swift */,
				1FEA76EB2793F509007C5021 /* Terminal1.swift */,
				1F6D8355278304E0002A49E9 /* SearchInputView.swift */,
				1F65BC6E2779A40300379F4D /* WelcomeVC.swift */,
				1F7C87B7274E2ABC00112F6A /* serchForFlight.swift */,
				1F7C87BD274E2B3300112F6A /* AskForHelp.swift */,
				1F7422012763CD7B00B53C27 /* FlightSchedule.swift */,
				1F7C87B9274E2ADD00112F6A /* serchForluggage.swift */,
				1F1FBDB2274F736D00D9F691 /* NewSearchVC.swift */,
				1F7422052764AD7C00B53C27 /* scanCode.swift */,
				1F6D834F2782CEE5002A49E9 /* MapController.swift */,
				1FEA76ED27940F4D007C5021 /* Editingprofile.swift */,
				1F1FBDC52754A74600D9F691 /* CarRentVC.swift */,
				1F6583CF2760C1750067ADEB /* CallUsVC.swift */,
			);
			path = controller;
			sourceTree = "<group>";
		};
		1F9E1FD6274B6B6D00679CC3 = {
			isa = PBXGroup;
			children = (
				1F484AF72767D2940048F280 /* Flight+CoreDataClass.swift */,
				1F484AF82767D2940048F280 /* Flight+CoreDataProperties.swift */,
				1F608404275C9E7000B21702 /* Localizable.strings */,
				1F9E1FE1274B6B6D00679CC3 /* EsayFlight */,
				1F9E1FE0274B6B6D00679CC3 /* Products */,
				734D98603B3608E60CF1FFF0 /* Pods */,
				155C0BCC08894D36C1CEC65C /* Frameworks */,
			);
			sourceTree = "<group>";
		};
		1F9E1FE0274B6B6D00679CC3 /* Products */ = {
			isa = PBXGroup;
			children = (
				1F9E1FDF274B6B6D00679CC3 /* EsayFlight.app */,
			);
			name = Products;
			sourceTree = "<group>";
		};
		1F9E1FE1274B6B6D00679CC3 /* EsayFlight */ = {
			isa = PBXGroup;
			children = (
				1F7C87B4274D273C00112F6A /* Models */,
				1F9E1FE2274B6B6D00679CC3 /* AppDelegate.swift */,
				1F9E1FE4274B6B6D00679CC3 /* SceneDelegate.swift */,
				1F484AFC2768BDB20048F280 /* Views */,
				1F6583CE2760C0BC0067ADEB /* TAbbar */,
				1F7C87BF274E2B3B00112F6A /* controller */,
				1F9E1FEB274B6B6F00679CC3 /* Assets.xcassets */,
				1F9E1FED274B6B6F00679CC3 /* LaunchScreen.storyboard */,
				1F7C87AE274CF06D00112F6A /* GoogleService-Info.plist */,
				1F9E1FF0274B6B6F00679CC3 /* Info.plist */,
				1F7422072764B72300B53C27 /* CoreData.xcdatamodeld */,
			);
			path = EsayFlight;
			sourceTree = "<group>";
		};
		734D98603B3608E60CF1FFF0 /* Pods */ = {
			isa = PBXGroup;
			children = (
				5A29C8781ACD5304C1BD2310 /* Pods-EsayFlight.debug.xcconfig */,
				0AEA421C33E8EF8D66D7B5B7 /* Pods-EsayFlight.release.xcconfig */,
			);
			path = Pods;
			sourceTree = "<group>";
		};
/* End PBXGroup section */

/* Begin PBXNativeTarget section */
		1F9E1FDE274B6B6D00679CC3 /* EsayFlight */ = {
			isa = PBXNativeTarget;
			buildConfigurationList = 1F9E1FF3274B6B6F00679CC3 /* Build configuration list for PBXNativeTarget "EsayFlight" */;
			buildPhases = (
				83EB8CC31EA1B07D4EFE67DE /* [CP] Check Pods Manifest.lock */,
				1F9E1FDB274B6B6D00679CC3 /* Sources */,
				1F9E1FDC274B6B6D00679CC3 /* Frameworks */,
				1F9E1FDD274B6B6D00679CC3 /* Resources */,
				19B8AAB1E1A1169FD0B5652E /* [CP] Embed Pods Frameworks */,
				2C3F729179341C6D7D095197 /* [CP] Copy Pods Resources */,
			);
			buildRules = (
			);
			dependencies = (
			);
			name = EsayFlight;
			packageProductDependencies = (
				1F65BC642778913600379F4D /* FirebaseAnalytics */,
				1F65BC662778913600379F4D /* FirebaseAnalyticsSwift-Beta */,
				1F65BC682778913600379F4D /* FirebaseAnalyticsWithoutAdIdSupport */,
				1F65BC6A2778913600379F4D /* FirebaseAuth */,
				1F65BC6C2778913600379F4D /* FirebaseFirestore */,
			);
			productName = EsayFlight;
			productReference = 1F9E1FDF274B6B6D00679CC3 /* EsayFlight.app */;
			productType = "com.apple.product-type.application";
		};
/* End PBXNativeTarget section */

/* Begin PBXProject section */
		1F9E1FD7274B6B6D00679CC3 /* Project object */ = {
			isa = PBXProject;
			attributes = {
				BuildIndependentTargetsInParallel = 1;
				LastSwiftUpdateCheck = 1300;
				LastUpgradeCheck = 1300;
				TargetAttributes = {
					1F9E1FDE274B6B6D00679CC3 = {
						CreatedOnToolsVersion = 13.0;
					};
				};
			};
			buildConfigurationList = 1F9E1FDA274B6B6D00679CC3 /* Build configuration list for PBXProject "EsayFlight" */;
			compatibilityVersion = "Xcode 13.0";
			developmentRegion = en;
			hasScannedForEncodings = 0;
			knownRegions = (
				en,
				Base,
				ar,
			);
			mainGroup = 1F9E1FD6274B6B6D00679CC3;
			packageReferences = (
				1F65BC632778913600379F4D /* XCRemoteSwiftPackageReference "firebase-ios-sdk" */,
			);
			productRefGroup = 1F9E1FE0274B6B6D00679CC3 /* Products */;
			projectDirPath = "";
			projectRoot = "";
			targets = (
				1F9E1FDE274B6B6D00679CC3 /* EsayFlight */,
			);
		};
/* End PBXProject section */

/* Begin PBXResourcesBuildPhase section */
		1F9E1FDD274B6B6D00679CC3 /* Resources */ = {
			isa = PBXResourcesBuildPhase;
			buildActionMask = 2147483647;
			files = (
				1F9E1FEF274B6B6F00679CC3 /* LaunchScreen.storyboard in Resources */,
				1F608402275C9E7000B21702 /* Localizable.strings in Resources */,
				1F9E1FEC274B6B6F00679CC3 /* Assets.xcassets in Resources */,
				1F7C87AF274CF06D00112F6A /* GoogleService-Info.plist in Resources */,
			);
			runOnlyForDeploymentPostprocessing = 0;
		};
/* End PBXResourcesBuildPhase section */

/* Begin PBXShellScriptBuildPhase section */
		19B8AAB1E1A1169FD0B5652E /* [CP] Embed Pods Frameworks */ = {
			isa = PBXShellScriptBuildPhase;
			buildActionMask = 2147483647;
			files = (
			);
			inputFileListPaths = (
				"${PODS_ROOT}/Target Support Files/Pods-EsayFlight/Pods-EsayFlight-frameworks-${CONFIGURATION}-input-files.xcfilelist",
			);
			name = "[CP] Embed Pods Frameworks";
			outputFileListPaths = (
				"${PODS_ROOT}/Target Support Files/Pods-EsayFlight/Pods-EsayFlight-frameworks-${CONFIGURATION}-output-files.xcfilelist",
			);
			runOnlyForDeploymentPostprocessing = 0;
			shellPath = /bin/sh;
			shellScript = "\"${PODS_ROOT}/Target Support Files/Pods-EsayFlight/Pods-EsayFlight-frameworks.sh\"\n";
			showEnvVarsInLog = 0;
		};
		2C3F729179341C6D7D095197 /* [CP] Copy Pods Resources */ = {
			isa = PBXShellScriptBuildPhase;
			buildActionMask = 2147483647;
			files = (
			);
			inputFileListPaths = (
				"${PODS_ROOT}/Target Support Files/Pods-EsayFlight/Pods-EsayFlight-resources-${CONFIGURATION}-input-files.xcfilelist",
			);
			name = "[CP] Copy Pods Resources";
			outputFileListPaths = (
				"${PODS_ROOT}/Target Support Files/Pods-EsayFlight/Pods-EsayFlight-resources-${CONFIGURATION}-output-files.xcfilelist",
			);
			runOnlyForDeploymentPostprocessing = 0;
			shellPath = /bin/sh;
			shellScript = "\"${PODS_ROOT}/Target Support Files/Pods-EsayFlight/Pods-EsayFlight-resources.sh\"\n";
			showEnvVarsInLog = 0;
		};
		83EB8CC31EA1B07D4EFE67DE /* [CP] Check Pods Manifest.lock */ = {
			isa = PBXShellScriptBuildPhase;
			buildActionMask = 2147483647;
			files = (
			);
			inputFileListPaths = (
			);
			inputPaths = (
				"${PODS_PODFILE_DIR_PATH}/Podfile.lock",
				"${PODS_ROOT}/Manifest.lock",
			);
			name = "[CP] Check Pods Manifest.lock";
			outputFileListPaths = (
			);
			outputPaths = (
				"$(DERIVED_FILE_DIR)/Pods-EsayFlight-checkManifestLockResult.txt",
			);
			runOnlyForDeploymentPostprocessing = 0;
			shellPath = /bin/sh;
			shellScript = "diff \"${PODS_PODFILE_DIR_PATH}/Podfile.lock\" \"${PODS_ROOT}/Manifest.lock\" > /dev/null\nif [ $? != 0 ] ; then\n    # print error to STDERR\n    echo \"error: The sandbox is not in sync with the Podfile.lock. Run 'pod install' or update your CocoaPods installation.\" >&2\n    exit 1\nfi\n# This output is used by Xcode 'outputs' to avoid re-running this script phase.\necho \"SUCCESS\" > \"${SCRIPT_OUTPUT_FILE_0}\"\n";
			showEnvVarsInLog = 0;
		};
/* End PBXShellScriptBuildPhase section */

/* Begin PBXSourcesBuildPhase section */
		1F9E1FDB274B6B6D00679CC3 /* Sources */ = {
			isa = PBXSourcesBuildPhase;
			buildActionMask = 2147483647;
			files = (
				1F7C87BA274E2ADD00112F6A /* serchForluggage.swift in Sources */,
				1F484AFE2768CFE30048F280 /* AnimationLaunch.swift in Sources */,
				1F9E1FE7274B6B6D00679CC3 /* LoginVC.swift in Sources */,
				1F484AF92767D2940048F280 /* Flight+CoreDataClass.swift in Sources */,
				1F7C87B8274E2ABC00112F6A /* serchForFlight.swift in Sources */,
				1F608429275F536100B21702 /* MyFlightServices.swift in Sources */,
				1F6D83522782CFF9002A49E9 /* Extensions.swift in Sources */,
				1F9E1FE3274B6B6D00679CC3 /* AppDelegate.swift in Sources */,
				1F6D8356278304E0002A49E9 /* SearchInputView.swift in Sources */,
				1FDA79192764EC2D009D42FD /* LogCollectionCell.swift in Sources */,
				1F1FBDB5274F73C000D9F691 /* SerchLuggaugeService.swift in Sources */,
				1F6583D02760C1750067ADEB /* CallUsVC.swift in Sources */,
				1F1FBDB3274F736D00D9F691 /* NewSearchVC.swift in Sources */,
				1F1FBDB8274F811700D9F691 /* Location.swift in Sources */,
				1FB153DF278AD2F100DE583E /* SettingsCell.swift in Sources */,
				1F7422042763CDA600B53C27 /* FlightScheduleCell.swift in Sources */,
				1F7422062764AD7C00B53C27 /* scanCode.swift in Sources */,
				1F7422022763CD7B00B53C27 /* FlightSchedule.swift in Sources */,
				1FB153E3278AD38100DE583E /* ViewController.swift in Sources */,
				1F6D83582783051A002A49E9 /* SearchCell.swift in Sources */,
				1F1FBDBA274F868300D9F691 /* searchCell.swift in Sources */,
				1F65BC712779AD3A00379F4D /* RestPassWoord.swift in Sources */,
				1FEA76EE27940F4D007C5021 /* Editingprofile.swift in Sources */,
				1F7C87B1274CFFAE00112F6A /* Home.swift in Sources */,
				1FB153E1278AD30B00DE583E /* UserInfoHeader.swift in Sources */,
				1F1FBDC62754A74600D9F691 /* CarRentVC.swift in Sources */,
				1F74220A2764B75C00B53C27 /* CoreData.xcdatamodeld in Sources */,
				1F7421F62761DB3700B53C27 /* HomeCell2.swift in Sources */,
				1F1FBDC227535A2900D9F691 /* Terminal2Cell.swift in Sources */,
				1F7C87BE274E2B3300112F6A /* AskForHelp.swift in Sources */,
				1F1FBDC027535A0A00D9F691 /* Terminal1Cell.swift in Sources */,
				1FB153E5278AF3AC00DE583E /* SettingSection.swift in Sources */,
				1F65BC6F2779A40300379F4D /* WelcomeVC.swift in Sources */,
				1F7C87BC274E2B0900112F6A /* profiel.swift in Sources */,
				1F6D83542782D572002A49E9 /* LocationRequestController.swift in Sources */,
				1F6D83502782CEE5002A49E9 /* MapController.swift in Sources */,
				1FEA76EC2793F509007C5021 /* Terminal1.swift in Sources */,
				1F1FBDC42754A60D00D9F691 /* TabVC.swift in Sources */,
				1F7C87B3274D273100112F6A /* Data.swift in Sources */,
				1F484AFA2767D2940048F280 /* Flight+CoreDataProperties.swift in Sources */,
				1F7C87B6274E12A700112F6A /* HomeCell.swift in Sources */,
				1F9E1FE5274B6B6D00679CC3 /* SceneDelegate.swift in Sources */,
			);
			runOnlyForDeploymentPostprocessing = 0;
		};
/* End PBXSourcesBuildPhase section */

/* Begin PBXVariantGroup section */
		1F608404275C9E7000B21702 /* Localizable.strings */ = {
			isa = PBXVariantGroup;
			children = (
				1F608403275C9E7000B21702 /* ar */,
				1F608405275C9E7100B21702 /* en */,
			);
			name = Localizable.strings;
			sourceTree = "<group>";
		};
		1F9E1FED274B6B6F00679CC3 /* LaunchScreen.storyboard */ = {
			isa = PBXVariantGroup;
			children = (
				1F9E1FEE274B6B6F00679CC3 /* Base */,
				1F6083FF275C9DA800B21702 /* ar */,
			);
			name = LaunchScreen.storyboard;
			sourceTree = "<group>";
		};
/* End PBXVariantGroup section */

/* Begin XCBuildConfiguration section */
		1F9E1FF1274B6B6F00679CC3 /* Debug */ = {
			isa = XCBuildConfiguration;
			buildSettings = {
				ALWAYS_SEARCH_USER_PATHS = NO;
				CLANG_ANALYZER_LOCALIZABILITY_NONLOCALIZED = YES;
				CLANG_ANALYZER_NONNULL = YES;
				CLANG_ANALYZER_NUMBER_OBJECT_CONVERSION = YES_AGGRESSIVE;
				CLANG_CXX_LANGUAGE_STANDARD = "gnu++17";
				CLANG_CXX_LIBRARY = "libc++";
				CLANG_ENABLE_MODULES = YES;
				CLANG_ENABLE_OBJC_ARC = YES;
				CLANG_ENABLE_OBJC_WEAK = YES;
				CLANG_WARN_BLOCK_CAPTURE_AUTORELEASING = YES;
				CLANG_WARN_BOOL_CONVERSION = YES;
				CLANG_WARN_COMMA = YES;
				CLANG_WARN_CONSTANT_CONVERSION = YES;
				CLANG_WARN_DEPRECATED_OBJC_IMPLEMENTATIONS = YES;
				CLANG_WARN_DIRECT_OBJC_ISA_USAGE = YES_ERROR;
				CLANG_WARN_DOCUMENTATION_COMMENTS = YES;
				CLANG_WARN_EMPTY_BODY = YES;
				CLANG_WARN_ENUM_CONVERSION = YES;
				CLANG_WARN_INFINITE_RECURSION = YES;
				CLANG_WARN_INT_CONVERSION = YES;
				CLANG_WARN_NON_LITERAL_NULL_CONVERSION = YES;
				CLANG_WARN_OBJC_IMPLICIT_RETAIN_SELF = YES;
				CLANG_WARN_OBJC_LITERAL_CONVERSION = YES;
				CLANG_WARN_OBJC_ROOT_CLASS = YES_ERROR;
				CLANG_WARN_QUOTED_INCLUDE_IN_FRAMEWORK_HEADER = YES;
				CLANG_WARN_RANGE_LOOP_ANALYSIS = YES;
				CLANG_WARN_STRICT_PROTOTYPES = YES;
				CLANG_WARN_SUSPICIOUS_MOVE = YES;
				CLANG_WARN_UNGUARDED_AVAILABILITY = YES_AGGRESSIVE;
				CLANG_WARN_UNREACHABLE_CODE = YES;
				CLANG_WARN__DUPLICATE_METHOD_MATCH = YES;
				COPY_PHASE_STRIP = NO;
				DEBUG_INFORMATION_FORMAT = dwarf;
				ENABLE_STRICT_OBJC_MSGSEND = YES;
				ENABLE_TESTABILITY = YES;
				GCC_C_LANGUAGE_STANDARD = gnu11;
				GCC_DYNAMIC_NO_PIC = NO;
				GCC_NO_COMMON_BLOCKS = YES;
				GCC_OPTIMIZATION_LEVEL = 0;
				GCC_PREPROCESSOR_DEFINITIONS = (
					"DEBUG=1",
					"$(inherited)",
				);
				GCC_WARN_64_TO_32_BIT_CONVERSION = YES;
				GCC_WARN_ABOUT_RETURN_TYPE = YES_ERROR;
				GCC_WARN_UNDECLARED_SELECTOR = YES;
				GCC_WARN_UNINITIALIZED_AUTOS = YES_AGGRESSIVE;
				GCC_WARN_UNUSED_FUNCTION = YES;
				GCC_WARN_UNUSED_VARIABLE = YES;
				IPHONEOS_DEPLOYMENT_TARGET = 15.0;
				MTL_ENABLE_DEBUG_INFO = INCLUDE_SOURCE;
				MTL_FAST_MATH = YES;
				ONLY_ACTIVE_ARCH = YES;
				SDKROOT = iphoneos;
				SWIFT_ACTIVE_COMPILATION_CONDITIONS = DEBUG;
				SWIFT_OPTIMIZATION_LEVEL = "-Onone";
			};
			name = Debug;
		};
		1F9E1FF2274B6B6F00679CC3 /* Release */ = {
			isa = XCBuildConfiguration;
			buildSettings = {
				ALWAYS_SEARCH_USER_PATHS = NO;
				CLANG_ANALYZER_LOCALIZABILITY_NONLOCALIZED = YES;
				CLANG_ANALYZER_NONNULL = YES;
				CLANG_ANALYZER_NUMBER_OBJECT_CONVERSION = YES_AGGRESSIVE;
				CLANG_CXX_LANGUAGE_STANDARD = "gnu++17";
				CLANG_CXX_LIBRARY = "libc++";
				CLANG_ENABLE_MODULES = YES;
				CLANG_ENABLE_OBJC_ARC = YES;
				CLANG_ENABLE_OBJC_WEAK = YES;
				CLANG_WARN_BLOCK_CAPTURE_AUTORELEASING = YES;
				CLANG_WARN_BOOL_CONVERSION = YES;
				CLANG_WARN_COMMA = YES;
				CLANG_WARN_CONSTANT_CONVERSION = YES;
				CLANG_WARN_DEPRECATED_OBJC_IMPLEMENTATIONS = YES;
				CLANG_WARN_DIRECT_OBJC_ISA_USAGE = YES_ERROR;
				CLANG_WARN_DOCUMENTATION_COMMENTS = YES;
				CLANG_WARN_EMPTY_BODY = YES;
				CLANG_WARN_ENUM_CONVERSION = YES;
				CLANG_WARN_INFINITE_RECURSION = YES;
				CLANG_WARN_INT_CONVERSION = YES;
				CLANG_WARN_NON_LITERAL_NULL_CONVERSION = YES;
				CLANG_WARN_OBJC_IMPLICIT_RETAIN_SELF = YES;
				CLANG_WARN_OBJC_LITERAL_CONVERSION = YES;
				CLANG_WARN_OBJC_ROOT_CLASS = YES_ERROR;
				CLANG_WARN_QUOTED_INCLUDE_IN_FRAMEWORK_HEADER = YES;
				CLANG_WARN_RANGE_LOOP_ANALYSIS = YES;
				CLANG_WARN_STRICT_PROTOTYPES = YES;
				CLANG_WARN_SUSPICIOUS_MOVE = YES;
				CLANG_WARN_UNGUARDED_AVAILABILITY = YES_AGGRESSIVE;
				CLANG_WARN_UNREACHABLE_CODE = YES;
				CLANG_WARN__DUPLICATE_METHOD_MATCH = YES;
				COPY_PHASE_STRIP = NO;
				DEBUG_INFORMATION_FORMAT = "dwarf-with-dsym";
				ENABLE_NS_ASSERTIONS = NO;
				ENABLE_STRICT_OBJC_MSGSEND = YES;
				GCC_C_LANGUAGE_STANDARD = gnu11;
				GCC_NO_COMMON_BLOCKS = YES;
				GCC_WARN_64_TO_32_BIT_CONVERSION = YES;
				GCC_WARN_ABOUT_RETURN_TYPE = YES_ERROR;
				GCC_WARN_UNDECLARED_SELECTOR = YES;
				GCC_WARN_UNINITIALIZED_AUTOS = YES_AGGRESSIVE;
				GCC_WARN_UNUSED_FUNCTION = YES;
				GCC_WARN_UNUSED_VARIABLE = YES;
				IPHONEOS_DEPLOYMENT_TARGET = 15.0;
				MTL_ENABLE_DEBUG_INFO = NO;
				MTL_FAST_MATH = YES;
				SDKROOT = iphoneos;
				SWIFT_COMPILATION_MODE = wholemodule;
				SWIFT_OPTIMIZATION_LEVEL = "-O";
				VALIDATE_PRODUCT = YES;
			};
			name = Release;
		};
		1F9E1FF4274B6B6F00679CC3 /* Debug */ = {
			isa = XCBuildConfiguration;
			baseConfigurationReference = 5A29C8781ACD5304C1BD2310 /* Pods-EsayFlight.debug.xcconfig */;
			buildSettings = {
				ASSETCATALOG_COMPILER_APPICON_NAME = AppIcon;
				ASSETCATALOG_COMPILER_GLOBAL_ACCENT_COLOR_NAME = AccentColor;
				CODE_SIGN_STYLE = Automatic;
				CURRENT_PROJECT_VERSION = 1;
				DEVELOPMENT_TEAM = VVJKC8N3PQ;
				GENERATE_INFOPLIST_FILE = YES;
				INFOPLIST_FILE = EsayFlight/Info.plist;
				INFOPLIST_KEY_UIApplicationSupportsIndirectInputEvents = YES;
				INFOPLIST_KEY_UILaunchStoryboardName = LaunchScreen;
				INFOPLIST_KEY_UISupportedInterfaceOrientations_iPad = "UIInterfaceOrientationPortrait UIInterfaceOrientationPortraitUpsideDown UIInterfaceOrientationLandscapeLeft UIInterfaceOrientationLandscapeRight";
				INFOPLIST_KEY_UISupportedInterfaceOrientations_iPhone = "UIInterfaceOrientationPortrait UIInterfaceOrientationLandscapeLeft UIInterfaceOrientationLandscapeRight";
				LD_RUNPATH_SEARCH_PATHS = (
					"$(inherited)",
					"@executable_path/Frameworks",
				);
				MARKETING_VERSION = 1.0;
				PRODUCT_BUNDLE_IDENTIFIER = "com.sara-alzhrani.EsayFlight";
				PRODUCT_NAME = "$(TARGET_NAME)";
				SWIFT_EMIT_LOC_STRINGS = YES;
				SWIFT_VERSION = 5.0;
				TARGETED_DEVICE_FAMILY = "1,2";
			};
			name = Debug;
		};
		1F9E1FF5274B6B6F00679CC3 /* Release */ = {
			isa = XCBuildConfiguration;
			baseConfigurationReference = 0AEA421C33E8EF8D66D7B5B7 /* Pods-EsayFlight.release.xcconfig */;
			buildSettings = {
				ASSETCATALOG_COMPILER_APPICON_NAME = AppIcon;
				ASSETCATALOG_COMPILER_GLOBAL_ACCENT_COLOR_NAME = AccentColor;
				CODE_SIGN_STYLE = Automatic;
				CURRENT_PROJECT_VERSION = 1;
				DEVELOPMENT_TEAM = VVJKC8N3PQ;
				GENERATE_INFOPLIST_FILE = YES;
				INFOPLIST_FILE = EsayFlight/Info.plist;
				INFOPLIST_KEY_UIApplicationSupportsIndirectInputEvents = YES;
				INFOPLIST_KEY_UILaunchStoryboardName = LaunchScreen;
				INFOPLIST_KEY_UISupportedInterfaceOrientations_iPad = "UIInterfaceOrientationPortrait UIInterfaceOrientationPortraitUpsideDown UIInterfaceOrientationLandscapeLeft UIInterfaceOrientationLandscapeRight";
				INFOPLIST_KEY_UISupportedInterfaceOrientations_iPhone = "UIInterfaceOrientationPortrait UIInterfaceOrientationLandscapeLeft UIInterfaceOrientationLandscapeRight";
				LD_RUNPATH_SEARCH_PATHS = (
					"$(inherited)",
					"@executable_path/Frameworks",
				);
				MARKETING_VERSION = 1.0;
				PRODUCT_BUNDLE_IDENTIFIER = "com.sara-alzhrani.EsayFlight";
				PRODUCT_NAME = "$(TARGET_NAME)";
				SWIFT_EMIT_LOC_STRINGS = YES;
				SWIFT_VERSION = 5.0;
				TARGETED_DEVICE_FAMILY = "1,2";
			};
			name = Release;
		};
/* End XCBuildConfiguration section */

/* Begin XCConfigurationList section */
		1F9E1FDA274B6B6D00679CC3 /* Build configuration list for PBXProject "EsayFlight" */ = {
			isa = XCConfigurationList;
			buildConfigurations = (
				1F9E1FF1274B6B6F00679CC3 /* Debug */,
				1F9E1FF2274B6B6F00679CC3 /* Release */,
			);
			defaultConfigurationIsVisible = 0;
			defaultConfigurationName = Release;
		};
		1F9E1FF3274B6B6F00679CC3 /* Build configuration list for PBXNativeTarget "EsayFlight" */ = {
			isa = XCConfigurationList;
			buildConfigurations = (
				1F9E1FF4274B6B6F00679CC3 /* Debug */,
				1F9E1FF5274B6B6F00679CC3 /* Release */,
			);
			defaultConfigurationIsVisible = 0;
			defaultConfigurationName = Release;
		};
/* End XCConfigurationList section */

/* Begin XCRemoteSwiftPackageReference section */
		1F65BC632778913600379F4D /* XCRemoteSwiftPackageReference "firebase-ios-sdk" */ = {
			isa = XCRemoteSwiftPackageReference;
			repositoryURL = "https://github.com/firebase/firebase-ios-sdk";
			requirement = {
				branch = master;
				kind = branch;
			};
		};
/* End XCRemoteSwiftPackageReference section */

/* Begin XCSwiftPackageProductDependency section */
		1F65BC642778913600379F4D /* FirebaseAnalytics */ = {
			isa = XCSwiftPackageProductDependency;
			package = 1F65BC632778913600379F4D /* XCRemoteSwiftPackageReference "firebase-ios-sdk" */;
			productName = FirebaseAnalytics;
		};
		1F65BC662778913600379F4D /* FirebaseAnalyticsSwift-Beta */ = {
			isa = XCSwiftPackageProductDependency;
			package = 1F65BC632778913600379F4D /* XCRemoteSwiftPackageReference "firebase-ios-sdk" */;
			productName = "FirebaseAnalyticsSwift-Beta";
		};
		1F65BC682778913600379F4D /* FirebaseAnalyticsWithoutAdIdSupport */ = {
			isa = XCSwiftPackageProductDependency;
			package = 1F65BC632778913600379F4D /* XCRemoteSwiftPackageReference "firebase-ios-sdk" */;
			productName = FirebaseAnalyticsWithoutAdIdSupport;
		};
		1F65BC6A2778913600379F4D /* FirebaseAuth */ = {
			isa = XCSwiftPackageProductDependency;
			package = 1F65BC632778913600379F4D /* XCRemoteSwiftPackageReference "firebase-ios-sdk" */;
			productName = FirebaseAuth;
		};
		1F65BC6C2778913600379F4D /* FirebaseFirestore */ = {
			isa = XCSwiftPackageProductDependency;
			package = 1F65BC632778913600379F4D /* XCRemoteSwiftPackageReference "firebase-ios-sdk" */;
			productName = FirebaseFirestore;
		};
/* End XCSwiftPackageProductDependency section */

/* Begin XCVersionGroup section */
		1F7422072764B72300B53C27 /* CoreData.xcdatamodeld */ = {
			isa = XCVersionGroup;
			children = (
				1F7422082764B72400B53C27 /* CoreData.xcdatamodel */,
			);
			currentVersion = 1F7422082764B72400B53C27 /* CoreData.xcdatamodel */;
			path = CoreData.xcdatamodeld;
			sourceTree = "<group>";
			versionGroupType = wrapper.xcdatamodel;
		};
/* End XCVersionGroup section */
	};
	rootObject = 1F9E1FD7274B6B6D00679CC3 /* Project object */;
}
